
Microsoft Visual Studio Solution File, Format Version 12.00
# Visual Studio Version 16
VisualStudioVersion = 16.0.31205.134
MinimumVisualStudioVersion = 10.0.40219.1
Project("{FAE04EC0-301F-11D3-BF4B-00C04F79EFBC}") = "Horas01", "Horas01\Horas01.csproj", "{6EA6D850-2141-4073-9A6D-3D40D6C3BDF3}"
EndProject
Global
	GlobalSection(SolutionConfigurationPlatforms) = preSolution
		Debug|Any CPU = Debug|Any CPU
		Release|Any CPU = Release|Any CPU
	EndGlobalSection
	GlobalSection(ProjectConfigurationPlatforms) = postSolution
		{6EA6D850-2141-4073-9A6D-3D40D6C3BDF3}.Debug|Any CPU.ActiveCfg = Debug|Any CPU
		{6EA6D850-2141-4073-9A6D-3D40D6C3BDF3}.Debug|Any CPU.Build.0 = Debug|Any CPU
		{6EA6D850-2141-4073-9A6D-3D40D6C3BDF3}.Release|Any CPU.ActiveCfg = Release|Any CPU
		{6EA6D850-2141-4073-9A6D-3D40D6C3BDF3}.Release|Any CPU.Build.0 = Release|Any CPU
	EndGlobalSection
	GlobalSection(SolutionProperties) = preSolution
		HideSolutionNode = FALSE
	EndGlobalSection
	GlobalSection(ExtensibilityGlobals) = postSolution
		SolutionGuid = {DDE27124-2CB2-4814-B20C-9F2351601728}
	EndGlobalSection
EndGlobal
